// !$*UTF8*$!
{
	archiveVersion = 1;
	classes = {
	};
	objectVersion = 46;
	objects = {

/* Begin PBXBuildFile section */
		1806BDB91A928F6500C4A5C5 /* LogIn.m in Sources */ = {isa = PBXBuildFile; fileRef = 1806BDB81A928F6500C4A5C5 /* LogIn.m */; };
		1806BDBC1A9291CB00C4A5C5 /* SignUp.m in Sources */ = {isa = PBXBuildFile; fileRef = 1806BDBB1A9291CB00C4A5C5 /* SignUp.m */; };
		182058221AD5A259009D772F /* instructions.mov in Resources */ = {isa = PBXBuildFile; fileRef = 182058211AD5A259009D772F /* instructions.mov */; };
		182058241AD5AE5F009D772F /* 0.txt in Resources */ = {isa = PBXBuildFile; fileRef = 182058231AD5AE5F009D772F /* 0.txt */; };
		182058271AD5D69F009D772F /* NSMutableArray+shuffle.m in Sources */ = {isa = PBXBuildFile; fileRef = 182058261AD5D69F009D772F /* NSMutableArray+shuffle.m */; };
		182ED20C1ACC7819002EE712 /* 3.txt in Resources */ = {isa = PBXBuildFile; fileRef = 182ED1FC1ACC7819002EE712 /* 3.txt */; };
		182ED20D1ACC7819002EE712 /* 4.txt in Resources */ = {isa = PBXBuildFile; fileRef = 182ED1FD1ACC7819002EE712 /* 4.txt */; };
		182ED20E1ACC7819002EE712 /* 5.txt in Resources */ = {isa = PBXBuildFile; fileRef = 182ED1FE1ACC7819002EE712 /* 5.txt */; };
		182ED20F1ACC7819002EE712 /* 6.txt in Resources */ = {isa = PBXBuildFile; fileRef = 182ED1FF1ACC7819002EE712 /* 6.txt */; };
		182ED2101ACC7819002EE712 /* 7.txt in Resources */ = {isa = PBXBuildFile; fileRef = 182ED2001ACC7819002EE712 /* 7.txt */; };
		182ED2111ACC7819002EE712 /* 8.txt in Resources */ = {isa = PBXBuildFile; fileRef = 182ED2011ACC7819002EE712 /* 8.txt */; };
		182ED2121ACC7819002EE712 /* 9.txt in Resources */ = {isa = PBXBuildFile; fileRef = 182ED2021ACC7819002EE712 /* 9.txt */; };
		182ED2131ACC7819002EE712 /* 10.txt in Resources */ = {isa = PBXBuildFile; fileRef = 182ED2031ACC7819002EE712 /* 10.txt */; };
		182ED2141ACC7819002EE712 /* 11.txt in Resources */ = {isa = PBXBuildFile; fileRef = 182ED2041ACC7819002EE712 /* 11.txt */; };
		182ED2151ACC7819002EE712 /* 12.txt in Resources */ = {isa = PBXBuildFile; fileRef = 182ED2051ACC7819002EE712 /* 12.txt */; };
		182ED2161ACC7819002EE712 /* 13.txt in Resources */ = {isa = PBXBuildFile; fileRef = 182ED2061ACC7819002EE712 /* 13.txt */; };
		182ED2171ACC7819002EE712 /* 14.txt in Resources */ = {isa = PBXBuildFile; fileRef = 182ED2071ACC7819002EE712 /* 14.txt */; };
		182ED2181ACC7819002EE712 /* 15.txt in Resources */ = {isa = PBXBuildFile; fileRef = 182ED2081ACC7819002EE712 /* 15.txt */; };
		182ED2191ACC7819002EE712 /* 16.txt in Resources */ = {isa = PBXBuildFile; fileRef = 182ED2091ACC7819002EE712 /* 16.txt */; };
		182ED21A1ACC7819002EE712 /* 17.txt in Resources */ = {isa = PBXBuildFile; fileRef = 182ED20A1ACC7819002EE712 /* 17.txt */; };
		182ED21B1ACC7819002EE712 /* 18.txt in Resources */ = {isa = PBXBuildFile; fileRef = 182ED20B1ACC7819002EE712 /* 18.txt */; };
		182ED2511AD33489002EE712 /* MediaPlayer.framework in Frameworks */ = {isa = PBXBuildFile; fileRef = 182ED2501AD33489002EE712 /* MediaPlayer.framework */; };
		185156E11AC3439500E97F80 /* 1.txt in Resources */ = {isa = PBXBuildFile; fileRef = 185156DF1AC3439500E97F80 /* 1.txt */; };
		185156E21AC3439500E97F80 /* 2.txt in Resources */ = {isa = PBXBuildFile; fileRef = 185156E01AC3439500E97F80 /* 2.txt */; };
		188428481AE81E8A00B22A1E /* AcousticModelEnglish.bundle in Resources */ = {isa = PBXBuildFile; fileRef = 188428441AE81E8A00B22A1E /* AcousticModelEnglish.bundle */; };
		188428491AE81E8A00B22A1E /* AcousticModelSpanish.bundle in Resources */ = {isa = PBXBuildFile; fileRef = 188428451AE81E8A00B22A1E /* AcousticModelSpanish.bundle */; };
		1884284A1AE81E8A00B22A1E /* OpenEars.framework in Frameworks */ = {isa = PBXBuildFile; fileRef = 188428461AE81E8A00B22A1E /* OpenEars.framework */; };
		1884284B1AE81E8B00B22A1E /* Slt.framework in Frameworks */ = {isa = PBXBuildFile; fileRef = 188428471AE81E8A00B22A1E /* Slt.framework */; };
		1884284D1AE82CE700B22A1E /* AudioToolbox.framework in Frameworks */ = {isa = PBXBuildFile; fileRef = 1884284C1AE82CE700B22A1E /* AudioToolbox.framework */; };
		18EDFCB91A82B2C300F2576F /* main.m in Sources */ = {isa = PBXBuildFile; fileRef = 18EDFCB81A82B2C300F2576F /* main.m */; };
		18EDFCBC1A82B2C300F2576F /* AppDelegate.m in Sources */ = {isa = PBXBuildFile; fileRef = 18EDFCBB1A82B2C300F2576F /* AppDelegate.m */; };
		18EDFCBF1A82B2C300F2576F /* iEPL.xcdatamodeld in Sources */ = {isa = PBXBuildFile; fileRef = 18EDFCBD1A82B2C300F2576F /* iEPL.xcdatamodeld */; };
		18EDFCC81A82B2C300F2576F /* Main.storyboard in Resources */ = {isa = PBXBuildFile; fileRef = 18EDFCC61A82B2C300F2576F /* Main.storyboard */; };
		18EDFCCA1A82B2C300F2576F /* Images.xcassets in Resources */ = {isa = PBXBuildFile; fileRef = 18EDFCC91A82B2C300F2576F /* Images.xcassets */; };
		18EDFCCD1A82B2C300F2576F /* LaunchScreen.xib in Resources */ = {isa = PBXBuildFile; fileRef = 18EDFCCB1A82B2C300F2576F /* LaunchScreen.xib */; };
		18EDFCD91A82B2C300F2576F /* iEPLTests.m in Sources */ = {isa = PBXBuildFile; fileRef = 18EDFCD81A82B2C300F2576F /* iEPLTests.m */; };
		18EDFCE71A82BFDF00F2576F /* FreeRecall0.m in Sources */ = {isa = PBXBuildFile; fileRef = 18EDFCE61A82BFDF00F2576F /* FreeRecall0.m */; };
		18EDFCE91A82C0ED00F2576F /* AVFoundation.framework in Frameworks */ = {isa = PBXBuildFile; fileRef = 18EDFCE81A82C0ED00F2576F /* AVFoundation.framework */; };
		18EDFCEC1A82D30600F2576F /* HomeScreen.m in Sources */ = {isa = PBXBuildFile; fileRef = 18EDFCEB1A82D30600F2576F /* HomeScreen.m */; };
		18F7CD371A8BE59700177FEB /* FreeRecallWordShow.m in Sources */ = {isa = PBXBuildFile; fileRef = 18F7CD361A8BE59700177FEB /* FreeRecallWordShow.m */; };
		18FDC3FC1AB7807200F509C2 /* NMSSH.framework in Frameworks */ = {isa = PBXBuildFile; fileRef = 18FDC3FB1AB7807200F509C2 /* NMSSH.framework */; };
		18FDC3FE1AB7811B00F509C2 /* libz.dylib in Frameworks */ = {isa = PBXBuildFile; fileRef = 18FDC3FD1AB7811B00F509C2 /* libz.dylib */; };
		18FDC4001AB7812500F509C2 /* CFNetwork.framework in Frameworks */ = {isa = PBXBuildFile; fileRef = 18FDC3FF1AB7812500F509C2 /* CFNetwork.framework */; };
/* End PBXBuildFile section */

/* Begin PBXContainerItemProxy section */
		18EDFCD31A82B2C300F2576F /* PBXContainerItemProxy */ = {
			isa = PBXContainerItemProxy;
			containerPortal = 18EDFCAB1A82B2C300F2576F /* Project object */;
			proxyType = 1;
			remoteGlobalIDString = 18EDFCB21A82B2C300F2576F;
			remoteInfo = iEPL;
		};
/* End PBXContainerItemProxy section */

/* Begin PBXFileReference section */
		1806BDB71A928F6500C4A5C5 /* LogIn.h */ = {isa = PBXFileReference; fileEncoding = 4; lastKnownFileType = sourcecode.c.h; name = LogIn.h; path = ../LogIn.h; sourceTree = "<group>"; };
		1806BDB81A928F6500C4A5C5 /* LogIn.m */ = {isa = PBXFileReference; fileEncoding = 4; lastKnownFileType = sourcecode.c.objc; name = LogIn.m; path = ../LogIn.m; sourceTree = "<group>"; };
		1806BDBA1A9291CB00C4A5C5 /* SignUp.h */ = {isa = PBXFileReference; fileEncoding = 4; lastKnownFileType = sourcecode.c.h; path = SignUp.h; sourceTree = "<group>"; };
		1806BDBB1A9291CB00C4A5C5 /* SignUp.m */ = {isa = PBXFileReference; fileEncoding = 4; lastKnownFileType = sourcecode.c.objc; path = SignUp.m; sourceTree = "<group>"; };
		182058211AD5A259009D772F /* instructions.mov */ = {isa = PBXFileReference; lastKnownFileType = video.quicktime; path = instructions.mov; sourceTree = "<group>"; };
		182058231AD5AE5F009D772F /* 0.txt */ = {isa = PBXFileReference; fileEncoding = 4; lastKnownFileType = text; path = 0.txt; sourceTree = "<group>"; };
		182058251AD5D69F009D772F /* NSMutableArray+shuffle.h */ = {isa = PBXFileReference; fileEncoding = 4; lastKnownFileType = sourcecode.c.h; path = "NSMutableArray+shuffle.h"; sourceTree = "<group>"; };
		182058261AD5D69F009D772F /* NSMutableArray+shuffle.m */ = {isa = PBXFileReference; fileEncoding = 4; lastKnownFileType = sourcecode.c.objc; path = "NSMutableArray+shuffle.m"; sourceTree = "<group>"; };
		182ED1FC1ACC7819002EE712 /* 3.txt */ = {isa = PBXFileReference; fileEncoding = 4; lastKnownFileType = text; path = 3.txt; sourceTree = "<group>"; };
		182ED1FD1ACC7819002EE712 /* 4.txt */ = {isa = PBXFileReference; fileEncoding = 4; lastKnownFileType = text; path = 4.txt; sourceTree = "<group>"; };
		182ED1FE1ACC7819002EE712 /* 5.txt */ = {isa = PBXFileReference; fileEncoding = 4; lastKnownFileType = text; path = 5.txt; sourceTree = "<group>"; };
		182ED1FF1ACC7819002EE712 /* 6.txt */ = {isa = PBXFileReference; fileEncoding = 4; lastKnownFileType = text; path = 6.txt; sourceTree = "<group>"; };
		182ED2001ACC7819002EE712 /* 7.txt */ = {isa = PBXFileReference; fileEncoding = 4; lastKnownFileType = text; path = 7.txt; sourceTree = "<group>"; };
		182ED2011ACC7819002EE712 /* 8.txt */ = {isa = PBXFileReference; fileEncoding = 4; lastKnownFileType = text; path = 8.txt; sourceTree = "<group>"; };
		182ED2021ACC7819002EE712 /* 9.txt */ = {isa = PBXFileReference; fileEncoding = 4; lastKnownFileType = text; path = 9.txt; sourceTree = "<group>"; };
		182ED2031ACC7819002EE712 /* 10.txt */ = {isa = PBXFileReference; fileEncoding = 4; lastKnownFileType = text; path = 10.txt; sourceTree = "<group>"; };
		182ED2041ACC7819002EE712 /* 11.txt */ = {isa = PBXFileReference; fileEncoding = 4; lastKnownFileType = text; path = 11.txt; sourceTree = "<group>"; };
		182ED2051ACC7819002EE712 /* 12.txt */ = {isa = PBXFileReference; fileEncoding = 4; lastKnownFileType = text; path = 12.txt; sourceTree = "<group>"; };
		182ED2061ACC7819002EE712 /* 13.txt */ = {isa = PBXFileReference; fileEncoding = 4; lastKnownFileType = text; path = 13.txt; sourceTree = "<group>"; };
		182ED2071ACC7819002EE712 /* 14.txt */ = {isa = PBXFileReference; fileEncoding = 4; lastKnownFileType = text; path = 14.txt; sourceTree = "<group>"; };
		182ED2081ACC7819002EE712 /* 15.txt */ = {isa = PBXFileReference; fileEncoding = 4; lastKnownFileType = text; path = 15.txt; sourceTree = "<group>"; };
		182ED2091ACC7819002EE712 /* 16.txt */ = {isa = PBXFileReference; fileEncoding = 4; lastKnownFileType = text; path = 16.txt; sourceTree = "<group>"; };
		182ED20A1ACC7819002EE712 /* 17.txt */ = {isa = PBXFileReference; fileEncoding = 4; lastKnownFileType = text; path = 17.txt; sourceTree = "<group>"; };
		182ED20B1ACC7819002EE712 /* 18.txt */ = {isa = PBXFileReference; fileEncoding = 4; lastKnownFileType = text; path = 18.txt; sourceTree = "<group>"; };
		182ED2501AD33489002EE712 /* MediaPlayer.framework */ = {isa = PBXFileReference; lastKnownFileType = wrapper.framework; name = MediaPlayer.framework; path = System/Library/Frameworks/MediaPlayer.framework; sourceTree = SDKROOT; };
		185156DF1AC3439500E97F80 /* 1.txt */ = {isa = PBXFileReference; fileEncoding = 4; lastKnownFileType = text; path = 1.txt; sourceTree = "<group>"; };
		185156E01AC3439500E97F80 /* 2.txt */ = {isa = PBXFileReference; fileEncoding = 4; lastKnownFileType = text; path = 2.txt; sourceTree = "<group>"; };
		188428441AE81E8A00B22A1E /* AcousticModelEnglish.bundle */ = {isa = PBXFileReference; lastKnownFileType = "wrapper.plug-in"; path = AcousticModelEnglish.bundle; sourceTree = "<group>"; };
		188428451AE81E8A00B22A1E /* AcousticModelSpanish.bundle */ = {isa = PBXFileReference; lastKnownFileType = "wrapper.plug-in"; path = AcousticModelSpanish.bundle; sourceTree = "<group>"; };
		188428461AE81E8A00B22A1E /* OpenEars.framework */ = {isa = PBXFileReference; lastKnownFileType = wrapper.framework; path = OpenEars.framework; sourceTree = "<group>"; };
		188428471AE81E8A00B22A1E /* Slt.framework */ = {isa = PBXFileReference; lastKnownFileType = wrapper.framework; path = Slt.framework; sourceTree = "<group>"; };
		1884284C1AE82CE700B22A1E /* AudioToolbox.framework */ = {isa = PBXFileReference; lastKnownFileType = wrapper.framework; name = AudioToolbox.framework; path = System/Library/Frameworks/AudioToolbox.framework; sourceTree = SDKROOT; };
		18EDFCB31A82B2C300F2576F /* iEPL.app */ = {isa = PBXFileReference; explicitFileType = wrapper.application; includeInIndex = 0; path = iEPL.app; sourceTree = BUILT_PRODUCTS_DIR; };
		18EDFCB71A82B2C300F2576F /* Info.plist */ = {isa = PBXFileReference; lastKnownFileType = text.plist.xml; path = Info.plist; sourceTree = "<group>"; };
		18EDFCB81A82B2C300F2576F /* main.m */ = {isa = PBXFileReference; lastKnownFileType = sourcecode.c.objc; path = main.m; sourceTree = "<group>"; };
		18EDFCBA1A82B2C300F2576F /* AppDelegate.h */ = {isa = PBXFileReference; lastKnownFileType = sourcecode.c.h; path = AppDelegate.h; sourceTree = "<group>"; };
		18EDFCBB1A82B2C300F2576F /* AppDelegate.m */ = {isa = PBXFileReference; lastKnownFileType = sourcecode.c.objc; path = AppDelegate.m; sourceTree = "<group>"; };
		18EDFCBE1A82B2C300F2576F /* iEPL.xcdatamodel */ = {isa = PBXFileReference; lastKnownFileType = wrapper.xcdatamodel; path = iEPL.xcdatamodel; sourceTree = "<group>"; };
		18EDFCC71A82B2C300F2576F /* Base */ = {isa = PBXFileReference; lastKnownFileType = file.storyboard; name = Base; path = Base.lproj/Main.storyboard; sourceTree = "<group>"; };
		18EDFCC91A82B2C300F2576F /* Images.xcassets */ = {isa = PBXFileReference; lastKnownFileType = folder.assetcatalog; path = Images.xcassets; sourceTree = "<group>"; };
		18EDFCCC1A82B2C300F2576F /* Base */ = {isa = PBXFileReference; lastKnownFileType = file.xib; name = Base; path = Base.lproj/LaunchScreen.xib; sourceTree = "<group>"; };
		18EDFCD21A82B2C300F2576F /* iEPLTests.xctest */ = {isa = PBXFileReference; explicitFileType = wrapper.cfbundle; includeInIndex = 0; path = iEPLTests.xctest; sourceTree = BUILT_PRODUCTS_DIR; };
		18EDFCD71A82B2C300F2576F /* Info.plist */ = {isa = PBXFileReference; lastKnownFileType = text.plist.xml; path = Info.plist; sourceTree = "<group>"; };
		18EDFCD81A82B2C300F2576F /* iEPLTests.m */ = {isa = PBXFileReference; lastKnownFileType = sourcecode.c.objc; path = iEPLTests.m; sourceTree = "<group>"; };
		18EDFCE51A82BFDF00F2576F /* FreeRecall0.h */ = {isa = PBXFileReference; fileEncoding = 4; lastKnownFileType = sourcecode.c.h; name = FreeRecall0.h; path = ../FreeRecall0.h; sourceTree = "<group>"; };
		18EDFCE61A82BFDF00F2576F /* FreeRecall0.m */ = {isa = PBXFileReference; fileEncoding = 4; lastKnownFileType = sourcecode.c.objc; name = FreeRecall0.m; path = ../FreeRecall0.m; sourceTree = "<group>"; };
		18EDFCE81A82C0ED00F2576F /* AVFoundation.framework */ = {isa = PBXFileReference; lastKnownFileType = wrapper.framework; name = AVFoundation.framework; path = System/Library/Frameworks/AVFoundation.framework; sourceTree = SDKROOT; };
		18EDFCEA1A82D30600F2576F /* HomeScreen.h */ = {isa = PBXFileReference; fileEncoding = 4; lastKnownFileType = sourcecode.c.h; path = HomeScreen.h; sourceTree = "<group>"; };
		18EDFCEB1A82D30600F2576F /* HomeScreen.m */ = {isa = PBXFileReference; fileEncoding = 4; lastKnownFileType = sourcecode.c.objc; path = HomeScreen.m; sourceTree = "<group>"; };
		18F7CD351A8BE59700177FEB /* FreeRecallWordShow.h */ = {isa = PBXFileReference; fileEncoding = 4; lastKnownFileType = sourcecode.c.h; path = FreeRecallWordShow.h; sourceTree = "<group>"; };
		18F7CD361A8BE59700177FEB /* FreeRecallWordShow.m */ = {isa = PBXFileReference; fileEncoding = 4; lastKnownFileType = sourcecode.c.objc; path = FreeRecallWordShow.m; sourceTree = "<group>"; };
		18FDC3FB1AB7807200F509C2 /* NMSSH.framework */ = {isa = PBXFileReference; lastKnownFileType = wrapper.framework; name = NMSSH.framework; path = iEPL/NMSSH.framework; sourceTree = "<group>"; };
		18FDC3FD1AB7811B00F509C2 /* libz.dylib */ = {isa = PBXFileReference; lastKnownFileType = "compiled.mach-o.dylib"; name = libz.dylib; path = usr/lib/libz.dylib; sourceTree = SDKROOT; };
		18FDC3FF1AB7812500F509C2 /* CFNetwork.framework */ = {isa = PBXFileReference; lastKnownFileType = wrapper.framework; name = CFNetwork.framework; path = System/Library/Frameworks/CFNetwork.framework; sourceTree = SDKROOT; };
/* End PBXFileReference section */

/* Begin PBXFrameworksBuildPhase section */
		18EDFCB01A82B2C300F2576F /* Frameworks */ = {
			isa = PBXFrameworksBuildPhase;
			buildActionMask = 2147483647;
			files = (
				1884284D1AE82CE700B22A1E /* AudioToolbox.framework in Frameworks */,
				182ED2511AD33489002EE712 /* MediaPlayer.framework in Frameworks */,
				1884284B1AE81E8B00B22A1E /* Slt.framework in Frameworks */,
				18FDC4001AB7812500F509C2 /* CFNetwork.framework in Frameworks */,
				18FDC3FE1AB7811B00F509C2 /* libz.dylib in Frameworks */,
				18FDC3FC1AB7807200F509C2 /* NMSSH.framework in Frameworks */,
				18EDFCE91A82C0ED00F2576F /* AVFoundation.framework in Frameworks */,
				1884284A1AE81E8A00B22A1E /* OpenEars.framework in Frameworks */,
			);
			runOnlyForDeploymentPostprocessing = 0;
		};
		18EDFCCF1A82B2C300F2576F /* Frameworks */ = {
			isa = PBXFrameworksBuildPhase;
			buildActionMask = 2147483647;
			files = (
			);
			runOnlyForDeploymentPostprocessing = 0;
		};
/* End PBXFrameworksBuildPhase section */

/* Begin PBXGroup section */
		188428431AE81E8A00B22A1E /* Framework */ = {
			isa = PBXGroup;
			children = (
				188428441AE81E8A00B22A1E /* AcousticModelEnglish.bundle */,
				188428451AE81E8A00B22A1E /* AcousticModelSpanish.bundle */,
				188428461AE81E8A00B22A1E /* OpenEars.framework */,
				188428471AE81E8A00B22A1E /* Slt.framework */,
			);
			path = Framework;
			sourceTree = "<group>";
		};
		18EDFCAA1A82B2C300F2576F = {
			isa = PBXGroup;
			children = (
				1884284C1AE82CE700B22A1E /* AudioToolbox.framework */,
				188428431AE81E8A00B22A1E /* Framework */,
				182ED2501AD33489002EE712 /* MediaPlayer.framework */,
				18FDC3FF1AB7812500F509C2 /* CFNetwork.framework */,
				18FDC3FD1AB7811B00F509C2 /* libz.dylib */,
				18FDC3FB1AB7807200F509C2 /* NMSSH.framework */,
				18EDFCE81A82C0ED00F2576F /* AVFoundation.framework */,
				18EDFCB51A82B2C300F2576F /* iEPL */,
				18EDFCD51A82B2C300F2576F /* iEPLTests */,
				18EDFCB41A82B2C300F2576F /* Products */,
			);
			sourceTree = "<group>";
		};
		18EDFCB41A82B2C300F2576F /* Products */ = {
			isa = PBXGroup;
			children = (
				18EDFCB31A82B2C300F2576F /* iEPL.app */,
				18EDFCD21A82B2C300F2576F /* iEPLTests.xctest */,
			);
			name = Products;
			sourceTree = "<group>";
		};
		18EDFCB51A82B2C300F2576F /* iEPL */ = {
			isa = PBXGroup;
			children = (
				182058211AD5A259009D772F /* instructions.mov */,
				182058231AD5AE5F009D772F /* 0.txt */,
				185156DF1AC3439500E97F80 /* 1.txt */,
				185156E01AC3439500E97F80 /* 2.txt */,
				182ED1FC1ACC7819002EE712 /* 3.txt */,
				182ED1FD1ACC7819002EE712 /* 4.txt */,
				182ED1FE1ACC7819002EE712 /* 5.txt */,
				182ED1FF1ACC7819002EE712 /* 6.txt */,
				182ED2001ACC7819002EE712 /* 7.txt */,
				182ED2011ACC7819002EE712 /* 8.txt */,
				182ED2021ACC7819002EE712 /* 9.txt */,
				182ED2031ACC7819002EE712 /* 10.txt */,
				182ED2041ACC7819002EE712 /* 11.txt */,
				182ED2051ACC7819002EE712 /* 12.txt */,
				182ED2061ACC7819002EE712 /* 13.txt */,
				182ED2071ACC7819002EE712 /* 14.txt */,
				182ED2081ACC7819002EE712 /* 15.txt */,
				182ED2091ACC7819002EE712 /* 16.txt */,
				182ED20A1ACC7819002EE712 /* 17.txt */,
				182ED20B1ACC7819002EE712 /* 18.txt */,
				18EDFCBA1A82B2C300F2576F /* AppDelegate.h */,
				18EDFCBB1A82B2C300F2576F /* AppDelegate.m */,
				1806BDB71A928F6500C4A5C5 /* LogIn.h */,
				1806BDB81A928F6500C4A5C5 /* LogIn.m */,
				1806BDBA1A9291CB00C4A5C5 /* SignUp.h */,
				1806BDBB1A9291CB00C4A5C5 /* SignUp.m */,
				18EDFCE51A82BFDF00F2576F /* FreeRecall0.h */,
				18EDFCE61A82BFDF00F2576F /* FreeRecall0.m */,
				18EDFCC61A82B2C300F2576F /* Main.storyboard */,
				18F7CD351A8BE59700177FEB /* FreeRecallWordShow.h */,
				18F7CD361A8BE59700177FEB /* FreeRecallWordShow.m */,
				182058251AD5D69F009D772F /* NSMutableArray+shuffle.h */,
				182058261AD5D69F009D772F /* NSMutableArray+shuffle.m */,
				18EDFCEA1A82D30600F2576F /* HomeScreen.h */,
				18EDFCEB1A82D30600F2576F /* HomeScreen.m */,
				18EDFCC91A82B2C300F2576F /* Images.xcassets */,
				18EDFCCB1A82B2C300F2576F /* LaunchScreen.xib */,
				18EDFCBD1A82B2C300F2576F /* iEPL.xcdatamodeld */,
				18EDFCB61A82B2C300F2576F /* Supporting Files */,
			);
			path = iEPL;
			sourceTree = "<group>";
		};
		18EDFCB61A82B2C300F2576F /* Supporting Files */ = {
			isa = PBXGroup;
			children = (
				18EDFCB71A82B2C300F2576F /* Info.plist */,
				18EDFCB81A82B2C300F2576F /* main.m */,
			);
			name = "Supporting Files";
			sourceTree = "<group>";
		};
		18EDFCD51A82B2C300F2576F /* iEPLTests */ = {
			isa = PBXGroup;
			children = (
				18EDFCD81A82B2C300F2576F /* iEPLTests.m */,
				18EDFCD61A82B2C300F2576F /* Supporting Files */,
			);
			path = iEPLTests;
			sourceTree = "<group>";
		};
		18EDFCD61A82B2C300F2576F /* Supporting Files */ = {
			isa = PBXGroup;
			children = (
				18EDFCD71A82B2C300F2576F /* Info.plist */,
			);
			name = "Supporting Files";
			sourceTree = "<group>";
		};
/* End PBXGroup section */

/* Begin PBXNativeTarget section */
		18EDFCB21A82B2C300F2576F /* iEPL */ = {
			isa = PBXNativeTarget;
			buildConfigurationList = 18EDFCDC1A82B2C300F2576F /* Build configuration list for PBXNativeTarget "iEPL" */;
			buildPhases = (
				18EDFCAF1A82B2C300F2576F /* Sources */,
				18EDFCB01A82B2C300F2576F /* Frameworks */,
				18EDFCB11A82B2C300F2576F /* Resources */,
			);
			buildRules = (
			);
			dependencies = (
			);
			name = iEPL;
			productName = iEPL;
			productReference = 18EDFCB31A82B2C300F2576F /* iEPL.app */;
			productType = "com.apple.product-type.application";
		};
		18EDFCD11A82B2C300F2576F /* iEPLTests */ = {
			isa = PBXNativeTarget;
			buildConfigurationList = 18EDFCDF1A82B2C300F2576F /* Build configuration list for PBXNativeTarget "iEPLTests" */;
			buildPhases = (
				18EDFCCE1A82B2C300F2576F /* Sources */,
				18EDFCCF1A82B2C300F2576F /* Frameworks */,
				18EDFCD01A82B2C300F2576F /* Resources */,
			);
			buildRules = (
			);
			dependencies = (
				18EDFCD41A82B2C300F2576F /* PBXTargetDependency */,
			);
			name = iEPLTests;
			productName = iEPLTests;
			productReference = 18EDFCD21A82B2C300F2576F /* iEPLTests.xctest */;
			productType = "com.apple.product-type.bundle.unit-test";
		};
/* End PBXNativeTarget section */

/* Begin PBXProject section */
		18EDFCAB1A82B2C300F2576F /* Project object */ = {
			isa = PBXProject;
			attributes = {
				LastUpgradeCheck = 0610;
				ORGANIZATIONNAME = "Q Kalantary";
				TargetAttributes = {
					18EDFCB21A82B2C300F2576F = {
						CreatedOnToolsVersion = 6.1.1;
						DevelopmentTeam = R37AR39W7J;
					};
					18EDFCD11A82B2C300F2576F = {
						CreatedOnToolsVersion = 6.1.1;
						TestTargetID = 18EDFCB21A82B2C300F2576F;
					};
				};
			};
			buildConfigurationList = 18EDFCAE1A82B2C300F2576F /* Build configuration list for PBXProject "iEPL" */;
			compatibilityVersion = "Xcode 3.2";
			developmentRegion = English;
			hasScannedForEncodings = 0;
			knownRegions = (
				en,
				Base,
			);
			mainGroup = 18EDFCAA1A82B2C300F2576F;
			productRefGroup = 18EDFCB41A82B2C300F2576F /* Products */;
			projectDirPath = "";
			projectRoot = "";
			targets = (
				18EDFCB21A82B2C300F2576F /* iEPL */,
				18EDFCD11A82B2C300F2576F /* iEPLTests */,
			);
		};
/* End PBXProject section */

/* Begin PBXResourcesBuildPhase section */
		18EDFCB11A82B2C300F2576F /* Resources */ = {
			isa = PBXResourcesBuildPhase;
			buildActionMask = 2147483647;
			files = (
				182ED21A1ACC7819002EE712 /* 17.txt in Resources */,
				182ED2131ACC7819002EE712 /* 10.txt in Resources */,
				182ED21B1ACC7819002EE712 /* 18.txt in Resources */,
				182058221AD5A259009D772F /* instructions.mov in Resources */,
				182ED2191ACC7819002EE712 /* 16.txt in Resources */,
				182ED2121ACC7819002EE712 /* 9.txt in Resources */,
				188428491AE81E8A00B22A1E /* AcousticModelSpanish.bundle in Resources */,
				182ED2181ACC7819002EE712 /* 15.txt in Resources */,
				182ED2141ACC7819002EE712 /* 11.txt in Resources */,
				182ED2111ACC7819002EE712 /* 8.txt in Resources */,
				188428481AE81E8A00B22A1E /* AcousticModelEnglish.bundle in Resources */,
				182ED20F1ACC7819002EE712 /* 6.txt in Resources */,
				182058241AD5AE5F009D772F /* 0.txt in Resources */,
				182ED2171ACC7819002EE712 /* 14.txt in Resources */,
				182ED2151ACC7819002EE712 /* 12.txt in Resources */,
				182ED20E1ACC7819002EE712 /* 5.txt in Resources */,
				182ED20C1ACC7819002EE712 /* 3.txt in Resources */,
				182ED2161ACC7819002EE712 /* 13.txt in Resources */,
				185156E11AC3439500E97F80 /* 1.txt in Resources */,
				182ED2101ACC7819002EE712 /* 7.txt in Resources */,
				185156E21AC3439500E97F80 /* 2.txt in Resources */,
				18EDFCC81A82B2C300F2576F /* Main.storyboard in Resources */,
				182ED20D1ACC7819002EE712 /* 4.txt in Resources */,
				18EDFCCD1A82B2C300F2576F /* LaunchScreen.xib in Resources */,
				18EDFCCA1A82B2C300F2576F /* Images.xcassets in Resources */,
			);
			runOnlyForDeploymentPostprocessing = 0;
		};
		18EDFCD01A82B2C300F2576F /* Resources */ = {
			isa = PBXResourcesBuildPhase;
			buildActionMask = 2147483647;
			files = (
			);
			runOnlyForDeploymentPostprocessing = 0;
		};
/* End PBXResourcesBuildPhase section */

/* Begin PBXSourcesBuildPhase section */
		18EDFCAF1A82B2C300F2576F /* Sources */ = {
			isa = PBXSourcesBuildPhase;
			buildActionMask = 2147483647;
			files = (
				182058271AD5D69F009D772F /* NSMutableArray+shuffle.m in Sources */,
				18EDFCBF1A82B2C300F2576F /* iEPL.xcdatamodeld in Sources */,
				1806BDBC1A9291CB00C4A5C5 /* SignUp.m in Sources */,
				1806BDB91A928F6500C4A5C5 /* LogIn.m in Sources */,
				18EDFCEC1A82D30600F2576F /* HomeScreen.m in Sources */,
				18EDFCE71A82BFDF00F2576F /* FreeRecall0.m in Sources */,
				18EDFCBC1A82B2C300F2576F /* AppDelegate.m in Sources */,
				18EDFCB91A82B2C300F2576F /* main.m in Sources */,
				18F7CD371A8BE59700177FEB /* FreeRecallWordShow.m in Sources */,
			);
			runOnlyForDeploymentPostprocessing = 0;
		};
		18EDFCCE1A82B2C300F2576F /* Sources */ = {
			isa = PBXSourcesBuildPhase;
			buildActionMask = 2147483647;
			files = (
				18EDFCD91A82B2C300F2576F /* iEPLTests.m in Sources */,
			);
			runOnlyForDeploymentPostprocessing = 0;
		};
/* End PBXSourcesBuildPhase section */

/* Begin PBXTargetDependency section */
		18EDFCD41A82B2C300F2576F /* PBXTargetDependency */ = {
			isa = PBXTargetDependency;
			target = 18EDFCB21A82B2C300F2576F /* iEPL */;
			targetProxy = 18EDFCD31A82B2C300F2576F /* PBXContainerItemProxy */;
		};
/* End PBXTargetDependency section */

/* Begin PBXVariantGroup section */
		18EDFCC61A82B2C300F2576F /* Main.storyboard */ = {
			isa = PBXVariantGroup;
			children = (
				18EDFCC71A82B2C300F2576F /* Base */,
			);
			name = Main.storyboard;
			sourceTree = "<group>";
		};
		18EDFCCB1A82B2C300F2576F /* LaunchScreen.xib */ = {
			isa = PBXVariantGroup;
			children = (
				18EDFCCC1A82B2C300F2576F /* Base */,
			);
			name = LaunchScreen.xib;
			sourceTree = "<group>";
		};
/* End PBXVariantGroup section */

/* Begin XCBuildConfiguration section */
		18EDFCDA1A82B2C300F2576F /* Debug */ = {
			isa = XCBuildConfiguration;
			buildSettings = {
				ALWAYS_SEARCH_USER_PATHS = NO;
				CLANG_CXX_LANGUAGE_STANDARD = "gnu++0x";
				CLANG_CXX_LIBRARY = "libc++";
				CLANG_ENABLE_MODULES = YES;
				CLANG_ENABLE_OBJC_ARC = YES;
				CLANG_WARN_BOOL_CONVERSION = YES;
				CLANG_WARN_CONSTANT_CONVERSION = YES;
				CLANG_WARN_DIRECT_OBJC_ISA_USAGE = YES_ERROR;
				CLANG_WARN_EMPTY_BODY = YES;
				CLANG_WARN_ENUM_CONVERSION = YES;
				CLANG_WARN_INT_CONVERSION = YES;
				CLANG_WARN_OBJC_ROOT_CLASS = YES_ERROR;
				CLANG_WARN_UNREACHABLE_CODE = YES;
				CLANG_WARN__DUPLICATE_METHOD_MATCH = YES;
				"CODE_SIGN_IDENTITY[sdk=iphoneos*]" = "iPhone Developer";
				COPY_PHASE_STRIP = NO;
				ENABLE_STRICT_OBJC_MSGSEND = YES;
				GCC_C_LANGUAGE_STANDARD = gnu99;
				GCC_DYNAMIC_NO_PIC = NO;
				GCC_OPTIMIZATION_LEVEL = 0;
				GCC_PREPROCESSOR_DEFINITIONS = (
					"DEBUG=1",
					"$(inherited)",
				);
				GCC_SYMBOLS_PRIVATE_EXTERN = NO;
				GCC_WARN_64_TO_32_BIT_CONVERSION = YES;
				GCC_WARN_ABOUT_RETURN_TYPE = YES_ERROR;
				GCC_WARN_UNDECLARED_SELECTOR = YES;
				GCC_WARN_UNINITIALIZED_AUTOS = YES_AGGRESSIVE;
				GCC_WARN_UNUSED_FUNCTION = YES;
				GCC_WARN_UNUSED_VARIABLE = YES;
				IPHONEOS_DEPLOYMENT_TARGET = 8.1;
				MTL_ENABLE_DEBUG_INFO = YES;
				ONLY_ACTIVE_ARCH = YES;
				SDKROOT = iphoneos;
				TARGETED_DEVICE_FAMILY = 2;
			};
			name = Debug;
		};
		18EDFCDB1A82B2C300F2576F /* Release */ = {
			isa = XCBuildConfiguration;
			buildSettings = {
				ALWAYS_SEARCH_USER_PATHS = NO;
				CLANG_CXX_LANGUAGE_STANDARD = "gnu++0x";
				CLANG_CXX_LIBRARY = "libc++";
				CLANG_ENABLE_MODULES = YES;
				CLANG_ENABLE_OBJC_ARC = YES;
				CLANG_WARN_BOOL_CONVERSION = YES;
				CLANG_WARN_CONSTANT_CONVERSION = YES;
				CLANG_WARN_DIRECT_OBJC_ISA_USAGE = YES_ERROR;
				CLANG_WARN_EMPTY_BODY = YES;
				CLANG_WARN_ENUM_CONVERSION = YES;
				CLANG_WARN_INT_CONVERSION = YES;
				CLANG_WARN_OBJC_ROOT_CLASS = YES_ERROR;
				CLANG_WARN_UNREACHABLE_CODE = YES;
				CLANG_WARN__DUPLICATE_METHOD_MATCH = YES;
				"CODE_SIGN_IDENTITY[sdk=iphoneos*]" = "iPhone Developer";
				COPY_PHASE_STRIP = YES;
				ENABLE_NS_ASSERTIONS = NO;
				ENABLE_STRICT_OBJC_MSGSEND = YES;
				GCC_C_LANGUAGE_STANDARD = gnu99;
				GCC_WARN_64_TO_32_BIT_CONVERSION = YES;
				GCC_WARN_ABOUT_RETURN_TYPE = YES_ERROR;
				GCC_WARN_UNDECLARED_SELECTOR = YES;
				GCC_WARN_UNINITIALIZED_AUTOS = YES_AGGRESSIVE;
				GCC_WARN_UNUSED_FUNCTION = YES;
				GCC_WARN_UNUSED_VARIABLE = YES;
				IPHONEOS_DEPLOYMENT_TARGET = 8.1;
				MTL_ENABLE_DEBUG_INFO = NO;
				SDKROOT = iphoneos;
				TARGETED_DEVICE_FAMILY = 2;
				VALIDATE_PRODUCT = YES;
			};
			name = Release;
		};
		18EDFCDD1A82B2C300F2576F /* Debug */ = {
			isa = XCBuildConfiguration;
			buildSettings = {
				ASSETCATALOG_COMPILER_APPICON_NAME = AppIcon;
				CODE_SIGN_IDENTITY = "iPhone Developer";
				"CODE_SIGN_IDENTITY[sdk=iphoneos*]" = "iPhone Developer";
				FRAMEWORK_SEARCH_PATHS = (
					"$(inherited)",
					"$(PROJECT_DIR)/iEPL",
					"$(PROJECT_DIR)/Framework",
				);
				INFOPLIST_FILE = iEPL/Info.plist;
				LD_RUNPATH_SEARCH_PATHS = "$(inherited) @executable_path/Frameworks";
				PRODUCT_NAME = "$(TARGET_NAME)";
				PROVISIONING_PROFILE = "";
			};
			name = Debug;
		};
		18EDFCDE1A82B2C300F2576F /* Release */ = {
			isa = XCBuildConfiguration;
			buildSettings = {
				ASSETCATALOG_COMPILER_APPICON_NAME = AppIcon;
				CODE_SIGN_IDENTITY = "iPhone Developer";
				"CODE_SIGN_IDENTITY[sdk=iphoneos*]" = "iPhone Developer";
				FRAMEWORK_SEARCH_PATHS = (
					"$(inherited)",
					"$(PROJECT_DIR)/iEPL",
					"$(PROJECT_DIR)/Framework",
				);
				INFOPLIST_FILE = iEPL/Info.plist;
				LD_RUNPATH_SEARCH_PATHS = "$(inherited) @executable_path/Frameworks";
				PRODUCT_NAME = "$(TARGET_NAME)";
				PROVISIONING_PROFILE = "";
			};
			name = Release;
		};
		18EDFCE01A82B2C300F2576F /* Debug */ = {
			isa = XCBuildConfiguration;
			buildSettings = {
				BUNDLE_LOADER = "$(TEST_HOST)";
				FRAMEWORK_SEARCH_PATHS = (
					"$(SDKROOT)/Developer/Library/Frameworks",
					"$(inherited)",
				);
				GCC_PREPROCESSOR_DEFINITIONS = (
					"DEBUG=1",
					"$(inherited)",
				);
				INFOPLIST_FILE = iEPLTests/Info.plist;
				LD_RUNPATH_SEARCH_PATHS = "$(inherited) @executable_path/Frameworks @loader_path/Frameworks";
				PRODUCT_NAME = "$(TARGET_NAME)";
				TEST_HOST = "$(BUILT_PRODUCTS_DIR)/iEPL.app/iEPL";
			};
			name = Debug;
		};
		18EDFCE11A82B2C300F2576F /* Release */ = {
			isa = XCBuildConfiguration;
			buildSettings = {
				BUNDLE_LOADER = "$(TEST_HOST)";
				FRAMEWORK_SEARCH_PATHS = (
					"$(SDKROOT)/Developer/Library/Frameworks",
					"$(inherited)",
				);
				INFOPLIST_FILE = iEPLTests/Info.plist;
				LD_RUNPATH_SEARCH_PATHS = "$(inherited) @executable_path/Frameworks @loader_path/Frameworks";
				PRODUCT_NAME = "$(TARGET_NAME)";
				TEST_HOST = "$(BUILT_PRODUCTS_DIR)/iEPL.app/iEPL";
			};
			name = Release;
		};
/* End XCBuildConfiguration section */

/* Begin XCConfigurationList section */
		18EDFCAE1A82B2C300F2576F /* Build configuration list for PBXProject "iEPL" */ = {
			isa = XCConfigurationList;
			buildConfigurations = (
				18EDFCDA1A82B2C300F2576F /* Debug */,
				18EDFCDB1A82B2C300F2576F /* Release */,
			);
			defaultConfigurationIsVisible = 0;
			defaultConfigurationName = Release;
		};
		18EDFCDC1A82B2C300F2576F /* Build configuration list for PBXNativeTarget "iEPL" */ = {
			isa = XCConfigurationList;
			buildConfigurations = (
				18EDFCDD1A82B2C300F2576F /* Debug */,
				18EDFCDE1A82B2C300F2576F /* Release */,
			);
			defaultConfigurationIsVisible = 0;
			defaultConfigurationName = Release;
		};
		18EDFCDF1A82B2C300F2576F /* Build configuration list for PBXNativeTarget "iEPLTests" */ = {
			isa = XCConfigurationList;
			buildConfigurations = (
				18EDFCE01A82B2C300F2576F /* Debug */,
				18EDFCE11A82B2C300F2576F /* Release */,
			);
			defaultConfigurationIsVisible = 0;
			defaultConfigurationName = Release;
		};
/* End XCConfigurationList section */

/* Begin XCVersionGroup section */
		18EDFCBD1A82B2C300F2576F /* iEPL.xcdatamodeld */ = {
			isa = XCVersionGroup;
			children = (
				18EDFCBE1A82B2C300F2576F /* iEPL.xcdatamodel */,
			);
			currentVersion = 18EDFCBE1A82B2C300F2576F /* iEPL.xcdatamodel */;
			path = iEPL.xcdatamodeld;
			sourceTree = "<group>";
			versionGroupType = wrapper.xcdatamodel;
		};
/* End XCVersionGroup section */
	};
	rootObject = 18EDFCAB1A82B2C300F2576F /* Project object */;
}
